
Microsoft Visual Studio Solution File, Format Version 12.00
# Visual Studio Version 17
VisualStudioVersion = 17.14.36121.58 d17.14
MinimumVisualStudioVersion = 10.0.40219.1
Project("{8BC9CEB8-8B4A-11D0-8D11-00A0C91BC942}") = "A C2 Bai 4", "BaiTapGiuaKy\BaiTapGiuaKy.vcxproj", "{4FC5840B-D37C-4D6D-8EE0-19AB3DA45BEE}"
EndProject
Project("{8BC9CEB8-8B4A-11D0-8D11-00A0C91BC942}") = "B C2 Bai 5", "Bai 5\Bai 5.vcxproj", "{DD2832EE-4BF8-4320-A576-EAF6E2A4F886}"
EndProject
Project("{8BC9CEB8-8B4A-11D0-8D11-00A0C91BC942}") = "C C2 Bai 6", "Bai 6\Bai 6.vcxproj", "{48CE8750-532E-4CAF-B2CF-4613793E4D21}"
EndProject
Project("{8BC9CEB8-8B4A-11D0-8D11-00A0C91BC942}") = "D C2 Bai 7", "Bai 7\Bai 7.vcxproj", "{E7429511-AA23-4054-9C07-4EC11C632241}"
EndProject
Project("{8BC9CEB8-8B4A-11D0-8D11-00A0C91BC942}") = "E C2 Bai 8", "Bai 8\Bai 8.vcxproj", "{D0F944DE-A101-408B-BC58-9D7D32B484EC}"
EndProject
Project("{8BC9CEB8-8B4A-11D0-8D11-00A0C91BC942}") = "F C2 Bai 9", "Bai 9\Bai 9.vcxproj", "{08F9A2FF-D6AA-46AC-9FDE-525ED88D7479}"
EndProject
Project("{8BC9CEB8-8B4A-11D0-8D11-00A0C91BC942}") = "G C2 Bai 10", "Bai 10\Bai 10.vcxproj", "{B860B4BE-CB1F-4970-8AE1-6023E37A718E}"
EndProject
Project("{8BC9CEB8-8B4A-11D0-8D11-00A0C91BC942}") = "H C3 Bai 1", "8 C3 Bai 1\8 C3 Bai 1.vcxproj", "{ABB6CA25-20EF-432B-877B-34EFF823CE85}"
EndProject
Project("{8BC9CEB8-8B4A-11D0-8D11-00A0C91BC942}") = "I C3 Bai 2", "9 C3 Bai 2\9 C3 Bai 2.vcxproj", "{75A0CB01-233C-49CB-8B2B-43EF254F133B}"
EndProject
Project("{8BC9CEB8-8B4A-11D0-8D11-00A0C91BC942}") = "J C3 Bai 3", "10 C3 Bai 3\10 C3 Bai 3.vcxproj", "{B38A6950-4C93-4D49-8613-F2DE341A8DB9}"
EndProject
Global
	GlobalSection(SolutionConfigurationPlatforms) = preSolution
		Debug|x64 = Debug|x64
		Debug|x86 = Debug|x86
		Release|x64 = Release|x64
		Release|x86 = Release|x86
	EndGlobalSection
	GlobalSection(ProjectConfigurationPlatforms) = postSolution
		{4FC5840B-D37C-4D6D-8EE0-19AB3DA45BEE}.Debug|x64.ActiveCfg = Debug|x64
		{4FC5840B-D37C-4D6D-8EE0-19AB3DA45BEE}.Debug|x64.Build.0 = Debug|x64
		{4FC5840B-D37C-4D6D-8EE0-19AB3DA45BEE}.Debug|x86.ActiveCfg = Debug|Win32
		{4FC5840B-D37C-4D6D-8EE0-19AB3DA45BEE}.Debug|x86.Build.0 = Debug|Win32
		{4FC5840B-D37C-4D6D-8EE0-19AB3DA45BEE}.Release|x64.ActiveCfg = Release|x64
		{4FC5840B-D37C-4D6D-8EE0-19AB3DA45BEE}.Release|x64.Build.0 = Release|x64
		{4FC5840B-D37C-4D6D-8EE0-19AB3DA45BEE}.Release|x86.ActiveCfg = Release|Win32
		{4FC5840B-D37C-4D6D-8EE0-19AB3DA45BEE}.Release|x86.Build.0 = Release|Win32
		{DD2832EE-4BF8-4320-A576-EAF6E2A4F886}.Debug|x64.ActiveCfg = Debug|x64
		{DD2832EE-4BF8-4320-A576-EAF6E2A4F886}.Debug|x64.Build.0 = Debug|x64
		{DD2832EE-4BF8-4320-A576-EAF6E2A4F886}.Debug|x86.ActiveCfg = Debug|Win32
		{DD2832EE-4BF8-4320-A576-EAF6E2A4F886}.Debug|x86.Build.0 = Debug|Win32
		{DD2832EE-4BF8-4320-A576-EAF6E2A4F886}.Release|x64.ActiveCfg = Release|x64
		{DD2832EE-4BF8-4320-A576-EAF6E2A4F886}.Release|x64.Build.0 = Release|x64
		{DD2832EE-4BF8-4320-A576-EAF6E2A4F886}.Release|x86.ActiveCfg = Release|Win32
		{DD2832EE-4BF8-4320-A576-EAF6E2A4F886}.Release|x86.Build.0 = Release|Win32
		{48CE8750-532E-4CAF-B2CF-4613793E4D21}.Debug|x64.ActiveCfg = Debug|x64
		{48CE8750-532E-4CAF-B2CF-4613793E4D21}.Debug|x64.Build.0 = Debug|x64
		{48CE8750-532E-4CAF-B2CF-4613793E4D21}.Debug|x86.ActiveCfg = Debug|Win32
		{48CE8750-532E-4CAF-B2CF-4613793E4D21}.Debug|x86.Build.0 = Debug|Win32
		{48CE8750-532E-4CAF-B2CF-4613793E4D21}.Release|x64.ActiveCfg = Release|x64
		{48CE8750-532E-4CAF-B2CF-4613793E4D21}.Release|x64.Build.0 = Release|x64
		{48CE8750-532E-4CAF-B2CF-4613793E4D21}.Release|x86.ActiveCfg = Release|Win32
		{48CE8750-532E-4CAF-B2CF-4613793E4D21}.Release|x86.Build.0 = Release|Win32
		{E7429511-AA23-4054-9C07-4EC11C632241}.Debug|x64.ActiveCfg = Debug|x64
		{E7429511-AA23-4054-9C07-4EC11C632241}.Debug|x64.Build.0 = Debug|x64
		{E7429511-AA23-4054-9C07-4EC11C632241}.Debug|x86.ActiveCfg = Debug|Win32
		{E7429511-AA23-4054-9C07-4EC11C632241}.Debug|x86.Build.0 = Debug|Win32
		{E7429511-AA23-4054-9C07-4EC11C632241}.Release|x64.ActiveCfg = Release|x64
		{E7429511-AA23-4054-9C07-4EC11C632241}.Release|x64.Build.0 = Release|x64
		{E7429511-AA23-4054-9C07-4EC11C632241}.Release|x86.ActiveCfg = Release|Win32
		{E7429511-AA23-4054-9C07-4EC11C632241}.Release|x86.Build.0 = Release|Win32
		{D0F944DE-A101-408B-BC58-9D7D32B484EC}.Debug|x64.ActiveCfg = Debug|x64
		{D0F944DE-A101-408B-BC58-9D7D32B484EC}.Debug|x64.Build.0 = Debug|x64
		{D0F944DE-A101-408B-BC58-9D7D32B484EC}.Debug|x86.ActiveCfg = Debug|Win32
		{D0F944DE-A101-408B-BC58-9D7D32B484EC}.Debug|x86.Build.0 = Debug|Win32
		{D0F944DE-A101-408B-BC58-9D7D32B484EC}.Release|x64.ActiveCfg = Release|x64
		{D0F944DE-A101-408B-BC58-9D7D32B484EC}.Release|x64.Build.0 = Release|x64
		{D0F944DE-A101-408B-BC58-9D7D32B484EC}.Release|x86.ActiveCfg = Release|Win32
		{D0F944DE-A101-408B-BC58-9D7D32B484EC}.Release|x86.Build.0 = Release|Win32
		{08F9A2FF-D6AA-46AC-9FDE-525ED88D7479}.Debug|x64.ActiveCfg = Debug|x64
		{08F9A2FF-D6AA-46AC-9FDE-525ED88D7479}.Debug|x64.Build.0 = Debug|x64
		{08F9A2FF-D6AA-46AC-9FDE-525ED88D7479}.Debug|x86.ActiveCfg = Debug|Win32
		{08F9A2FF-D6AA-46AC-9FDE-525ED88D7479}.Debug|x86.Build.0 = Debug|Win32
		{08F9A2FF-D6AA-46AC-9FDE-525ED88D7479}.Release|x64.ActiveCfg = Release|x64
		{08F9A2FF-D6AA-46AC-9FDE-525ED88D7479}.Release|x64.Build.0 = Release|x64
		{08F9A2FF-D6AA-46AC-9FDE-525ED88D7479}.Release|x86.ActiveCfg = Release|Win32
		{08F9A2FF-D6AA-46AC-9FDE-525ED88D7479}.Release|x86.Build.0 = Release|Win32
		{B860B4BE-CB1F-4970-8AE1-6023E37A718E}.Debug|x64.ActiveCfg = Debug|x64
		{B860B4BE-CB1F-4970-8AE1-6023E37A718E}.Debug|x64.Build.0 = Debug|x64
		{B860B4BE-CB1F-4970-8AE1-6023E37A718E}.Debug|x86.ActiveCfg = Debug|Win32
		{B860B4BE-CB1F-4970-8AE1-6023E37A718E}.Debug|x86.Build.0 = Debug|Win32
		{B860B4BE-CB1F-4970-8AE1-6023E37A718E}.Release|x64.ActiveCfg = Release|x64
		{B860B4BE-CB1F-4970-8AE1-6023E37A718E}.Release|x64.Build.0 = Release|x64
		{B860B4BE-CB1F-4970-8AE1-6023E37A718E}.Release|x86.ActiveCfg = Release|Win32
		{B860B4BE-CB1F-4970-8AE1-6023E37A718E}.Release|x86.Build.0 = Release|Win32
		{ABB6CA25-20EF-432B-877B-34EFF823CE85}.Debug|x64.ActiveCfg = Debug|x64
		{ABB6CA25-20EF-432B-877B-34EFF823CE85}.Debug|x64.Build.0 = Debug|x64
		{ABB6CA25-20EF-432B-877B-34EFF823CE85}.Debug|x86.ActiveCfg = Debug|Win32
		{ABB6CA25-20EF-432B-877B-34EFF823CE85}.Debug|x86.Build.0 = Debug|Win32
		{ABB6CA25-20EF-432B-877B-34EFF823CE85}.Release|x64.ActiveCfg = Release|x64
		{ABB6CA25-20EF-432B-877B-34EFF823CE85}.Release|x64.Build.0 = Release|x64
		{ABB6CA25-20EF-432B-877B-34EFF823CE85}.Release|x86.ActiveCfg = Release|Win32
		{ABB6CA25-20EF-432B-877B-34EFF823CE85}.Release|x86.Build.0 = Release|Win32
		{75A0CB01-233C-49CB-8B2B-43EF254F133B}.Debug|x64.ActiveCfg = Debug|x64
		{75A0CB01-233C-49CB-8B2B-43EF254F133B}.Debug|x64.Build.0 = Debug|x64
		{75A0CB01-233C-49CB-8B2B-43EF254F133B}.Debug|x86.ActiveCfg = Debug|Win32
		{75A0CB01-233C-49CB-8B2B-43EF254F133B}.Debug|x86.Build.0 = Debug|Win32
		{75A0CB01-233C-49CB-8B2B-43EF254F133B}.Release|x64.ActiveCfg = Release|x64
		{75A0CB01-233C-49CB-8B2B-43EF254F133B}.Release|x64.Build.0 = Release|x64
		{75A0CB01-233C-49CB-8B2B-43EF254F133B}.Release|x86.ActiveCfg = Release|Win32
		{75A0CB01-233C-49CB-8B2B-43EF254F133B}.Release|x86.Build.0 = Release|Win32
		{B38A6950-4C93-4D49-8613-F2DE341A8DB9}.Debug|x64.ActiveCfg = Debug|x64
		{B38A6950-4C93-4D49-8613-F2DE341A8DB9}.Debug|x64.Build.0 = Debug|x64
		{B38A6950-4C93-4D49-8613-F2DE341A8DB9}.Debug|x86.ActiveCfg = Debug|Win32
		{B38A6950-4C93-4D49-8613-F2DE341A8DB9}.Debug|x86.Build.0 = Debug|Win32
		{B38A6950-4C93-4D49-8613-F2DE341A8DB9}.Release|x64.ActiveCfg = Release|x64
		{B38A6950-4C93-4D49-8613-F2DE341A8DB9}.Release|x64.Build.0 = Release|x64
		{B38A6950-4C93-4D49-8613-F2DE341A8DB9}.Release|x86.ActiveCfg = Release|Win32
		{B38A6950-4C93-4D49-8613-F2DE341A8DB9}.Release|x86.Build.0 = Release|Win32
	EndGlobalSection
	GlobalSection(SolutionProperties) = preSolution
		HideSolutionNode = FALSE
	EndGlobalSection
	GlobalSection(ExtensibilityGlobals) = postSolution
		SolutionGuid = {80717191-578A-46A5-B12A-2FF7DA53991E}
	EndGlobalSection
EndGlobal
